// !$*UTF8*$!
{
	archiveVersion = 1;
	classes = {
	};
	objectVersion = 50;
	objects = {

/* Begin PBXBuildFile section */
		C6789B432531BE2F00CBDDF2 /* main.cpp in Sources */ = {isa = PBXBuildFile; fileRef = C6789B422531BE2F00CBDDF2 /* main.cpp */; };
		C6789B4F2531BF0400CBDDF2 /* libStanfordCPPLib.a in Frameworks */ = {isa = PBXBuildFile; fileRef = C6789B4D2531BEDC00CBDDF2 /* libStanfordCPPLib.a */; };
		C6789B522531BF5000CBDDF2 /* spl.jar in Frameworks */ = {isa = PBXBuildFile; fileRef = C6789B512531BF4500CBDDF2 /* spl.jar */; };
		C6789B542531BF7300CBDDF2 /* spl.jar in CopyFiles */ = {isa = PBXBuildFile; fileRef = C6789B512531BF4500CBDDF2 /* spl.jar */; };
		C68170792532071E00BA3E33 /* EnglishWords.txt in CopyFiles */ = {isa = PBXBuildFile; fileRef = C68170782532071500BA3E33 /* EnglishWords.txt */; };
/* End PBXBuildFile section */

/* Begin PBXCopyFilesBuildPhase section */
		C6789B3D2531BE2F00CBDDF2 /* CopyFiles */ = {
			isa = PBXCopyFilesBuildPhase;
			buildActionMask = 12;
			dstPath = "";
			dstSubfolderSpec = 16;
			files = (
				C68170792532071E00BA3E33 /* EnglishWords.txt in CopyFiles */,
				C6789B542531BF7300CBDDF2 /* spl.jar in CopyFiles */,
			);
			runOnlyForDeploymentPostprocessing = 0;
		};
/* End PBXCopyFilesBuildPhase section */

/* Begin PBXFileReference section */
		C6789B3F2531BE2F00CBDDF2 /* WordLadder */ = {isa = PBXFileReference; explicitFileType = "compiled.mach-o.executable"; includeInIndex = 0; path = WordLadder; sourceTree = BUILT_PRODUCTS_DIR; };
		C6789B422531BE2F00CBDDF2 /* main.cpp */ = {isa = PBXFileReference; lastKnownFileType = sourcecode.cpp.cpp; path = main.cpp; sourceTree = "<group>"; };
		C6789B4D2531BEDC00CBDDF2 /* libStanfordCPPLib.a */ = {isa = PBXFileReference; lastKnownFileType = archive.ar; name = libStanfordCPPLib.a; path = ../../../../lib/StanfordCPPLib/libStanfordCPPLib.a; sourceTree = "<group>"; };
		C6789B512531BF4500CBDDF2 /* spl.jar */ = {isa = PBXFileReference; lastKnownFileType = archive.jar; name = spl.jar; path = ../../../../lib/spl.jar; sourceTree = "<group>"; };
		C68170782532071500BA3E33 /* EnglishWords.txt */ = {isa = PBXFileReference; fileEncoding = 4; lastKnownFileType = text; path = EnglishWords.txt; sourceTree = "<group>"; };
/* End PBXFileReference section */

/* Begin PBXFrameworksBuildPhase section */
		C6789B3C2531BE2F00CBDDF2 /* Frameworks */ = {
			isa = PBXFrameworksBuildPhase;
			buildActionMask = 2147483647;
			files = (
				C6789B4F2531BF0400CBDDF2 /* libStanfordCPPLib.a in Frameworks */,
				C6789B522531BF5000CBDDF2 /* spl.jar in Frameworks */,
			);
			runOnlyForDeploymentPostprocessing = 0;
		};
/* End PBXFrameworksBuildPhase section */

/* Begin PBXGroup section */
		C6789B362531BE2F00CBDDF2 = {
			isa = PBXGroup;
			children = (
				C6789B412531BE2F00CBDDF2 /* WordLadder */,
				C6789B402531BE2F00CBDDF2 /* Products */,
				C6789B4C2531BEDC00CBDDF2 /* Frameworks */,
			);
			sourceTree = "<group>";
		};
		C6789B402531BE2F00CBDDF2 /* Products */ = {
			isa = PBXGroup;
			children = (
				C6789B3F2531BE2F00CBDDF2 /* WordLadder */,
			);
			name = Products;
			sourceTree = "<group>";
		};
		C6789B412531BE2F00CBDDF2 /* WordLadder */ = {
			isa = PBXGroup;
			children = (
				C68170782532071500BA3E33 /* EnglishWords.txt */,
				C6789B422531BE2F00CBDDF2 /* main.cpp */,
			);
			path = WordLadder;
			sourceTree = "<group>";
		};
		C6789B4C2531BEDC00CBDDF2 /* Frameworks */ = {
			isa = PBXGroup;
			children = (
				C6789B512531BF4500CBDDF2 /* spl.jar */,
				C6789B4D2531BEDC00CBDDF2 /* libStanfordCPPLib.a */,
			);
			name = Frameworks;
			sourceTree = "<group>";
		};
/* End PBXGroup section */

/* Begin PBXNativeTarget section */
		C6789B3E2531BE2F00CBDDF2 /* WordLadder */ = {
			isa = PBXNativeTarget;
			buildConfigurationList = C6789B462531BE2F00CBDDF2 /* Build configuration list for PBXNativeTarget "WordLadder" */;
			buildPhases = (
				C6789B3B2531BE2F00CBDDF2 /* Sources */,
				C6789B3C2531BE2F00CBDDF2 /* Frameworks */,
				C6789B3D2531BE2F00CBDDF2 /* CopyFiles */,
			);
			buildRules = (
			);
			dependencies = (
			);
			name = WordLadder;
			productName = WordLadder;
			productReference = C6789B3F2531BE2F00CBDDF2 /* WordLadder */;
			productType = "com.apple.product-type.tool";
		};
/* End PBXNativeTarget section */

/* Begin PBXProject section */
		C6789B372531BE2F00CBDDF2 /* Project object */ = {
			isa = PBXProject;
			attributes = {
				LastUpgradeCheck = 1200;
				TargetAttributes = {
					C6789B3E2531BE2F00CBDDF2 = {
						CreatedOnToolsVersion = 12.0.1;
					};
				};
			};
			buildConfigurationList = C6789B3A2531BE2F00CBDDF2 /* Build configuration list for PBXProject "WordLadder" */;
			compatibilityVersion = "Xcode 9.3";
			developmentRegion = en;
			hasScannedForEncodings = 0;
			knownRegions = (
				en,
				Base,
			);
			mainGroup = C6789B362531BE2F00CBDDF2;
			productRefGroup = C6789B402531BE2F00CBDDF2 /* Products */;
			projectDirPath = "";
			projectRoot = "";
			targets = (
				C6789B3E2531BE2F00CBDDF2 /* WordLadder */,
			);
		};
/* End PBXProject section */

/* Begin PBXSourcesBuildPhase section */
		C6789B3B2531BE2F00CBDDF2 /* Sources */ = {
			isa = PBXSourcesBuildPhase;
			buildActionMask = 2147483647;
			files = (
				C6789B432531BE2F00CBDDF2 /* main.cpp in Sources */,
			);
			runOnlyForDeploymentPostprocessing = 0;
		};
/* End PBXSourcesBuildPhase section */

/* Begin XCBuildConfiguration section */
		C6789B442531BE2F00CBDDF2 /* Debug */ = {
			isa = XCBuildConfiguration;
			buildSettings = {
				ALWAYS_SEARCH_USER_PATHS = NO;
				CLANG_ANALYZER_NONNULL = YES;
				CLANG_ANALYZER_NUMBER_OBJECT_CONVERSION = YES_AGGRESSIVE;
				CLANG_CXX_LANGUAGE_STANDARD = "gnu++14";
				CLANG_CXX_LIBRARY = "libc++";
				CLANG_ENABLE_MODULES = YES;
				CLANG_ENABLE_OBJC_ARC = YES;
				CLANG_ENABLE_OBJC_WEAK = YES;
				CLANG_WARN_BLOCK_CAPTURE_AUTORELEASING = YES;
				CLANG_WARN_BOOL_CONVERSION = YES;
				CLANG_WARN_COMMA = YES;
				CLANG_WARN_CONSTANT_CONVERSION = YES;
				CLANG_WARN_DEPRECATED_OBJC_IMPLEMENTATIONS = YES;
				CLANG_WARN_DIRECT_OBJC_ISA_USAGE = YES_ERROR;
				CLANG_WARN_DOCUMENTATION_COMMENTS = YES;
				CLANG_WARN_EMPTY_BODY = YES;
				CLANG_WARN_ENUM_CONVERSION = YES;
				CLANG_WARN_INFINITE_RECURSION = YES;
				CLANG_WARN_INT_CONVERSION = YES;
				CLANG_WARN_NON_LITERAL_NULL_CONVERSION = YES;
				CLANG_WARN_OBJC_IMPLICIT_RETAIN_SELF = YES;
				CLANG_WARN_OBJC_LITERAL_CONVERSION = YES;
				CLANG_WARN_OBJC_ROOT_CLASS = YES_ERROR;
				CLANG_WARN_QUOTED_INCLUDE_IN_FRAMEWORK_HEADER = YES;
				CLANG_WARN_RANGE_LOOP_ANALYSIS = YES;
				CLANG_WARN_STRICT_PROTOTYPES = YES;
				CLANG_WARN_SUSPICIOUS_MOVE = YES;
				CLANG_WARN_UNGUARDED_AVAILABILITY = YES_AGGRESSIVE;
				CLANG_WARN_UNREACHABLE_CODE = YES;
				CLANG_WARN__DUPLICATE_METHOD_MATCH = YES;
				COPY_PHASE_STRIP = NO;
				DEBUG_INFORMATION_FORMAT = dwarf;
				ENABLE_STRICT_OBJC_MSGSEND = YES;
				ENABLE_TESTABILITY = YES;
				GCC_C_LANGUAGE_STANDARD = gnu11;
				GCC_DYNAMIC_NO_PIC = NO;
				GCC_NO_COMMON_BLOCKS = YES;
				GCC_OPTIMIZATION_LEVEL = 0;
				GCC_PREPROCESSOR_DEFINITIONS = (
					"DEBUG=1",
					"$(inherited)",
				);
				GCC_WARN_64_TO_32_BIT_CONVERSION = YES;
				GCC_WARN_ABOUT_RETURN_TYPE = YES_ERROR;
				GCC_WARN_UNDECLARED_SELECTOR = YES;
				GCC_WARN_UNINITIALIZED_AUTOS = YES_AGGRESSIVE;
				GCC_WARN_UNUSED_FUNCTION = YES;
				GCC_WARN_UNUSED_VARIABLE = YES;
				LIBRARY_SEARCH_PATHS = "$(SRCROOT)/../../../../lib/StanfordCPPLib";
				MACOSX_DEPLOYMENT_TARGET = 10.15;
				MTL_ENABLE_DEBUG_INFO = INCLUDE_SOURCE;
				MTL_FAST_MATH = YES;
				ONLY_ACTIVE_ARCH = YES;
				SDKROOT = macosx;
				USER_HEADER_SEARCH_PATHS = "$(SRCROOT)/../../../../lib/StanfordCPPLib";
			};
			name = Debug;
		};
		C6789B452531BE2F00CBDDF2 /* Release */ = {
			isa = XCBuildConfiguration;
			buildSettings = {
				ALWAYS_SEARCH_USER_PATHS = NO;
				CLANG_ANALYZER_NONNULL = YES;
				CLANG_ANALYZER_NUMBER_OBJECT_CONVERSION = YES_AGGRESSIVE;
				CLANG_CXX_LANGUAGE_STANDARD = "gnu++14";
				CLANG_CXX_LIBRARY = "libc++";
				CLANG_ENABLE_MODULES = YES;
				CLANG_ENABLE_OBJC_ARC = YES;
				CLANG_ENABLE_OBJC_WEAK = YES;
				CLANG_WARN_BLOCK_CAPTURE_AUTORELEASING = YES;
				CLANG_WARN_BOOL_CONVERSION = YES;
				CLANG_WARN_COMMA = YES;
				CLANG_WARN_CONSTANT_CONVERSION = YES;
				CLANG_WARN_DEPRECATED_OBJC_IMPLEMENTATIONS = YES;
				CLANG_WARN_DIRECT_OBJC_ISA_USAGE = YES_ERROR;
				CLANG_WARN_DOCUMENTATION_COMMENTS = YES;
				CLANG_WARN_EMPTY_BODY = YES;
				CLANG_WARN_ENUM_CONVERSION = YES;
				CLANG_WARN_INFINITE_RECURSION = YES;
				CLANG_WARN_INT_CONVERSION = YES;
				CLANG_WARN_NON_LITERAL_NULL_CONVERSION = YES;
				CLANG_WARN_OBJC_IMPLICIT_RETAIN_SELF = YES;
				CLANG_WARN_OBJC_LITERAL_CONVERSION = YES;
				CLANG_WARN_OBJC_ROOT_CLASS = YES_ERROR;
				CLANG_WARN_QUOTED_INCLUDE_IN_FRAMEWORK_HEADER = YES;
				CLANG_WARN_RANGE_LOOP_ANALYSIS = YES;
				CLANG_WARN_STRICT_PROTOTYPES = YES;
				CLANG_WARN_SUSPICIOUS_MOVE = YES;
				CLANG_WARN_UNGUARDED_AVAILABILITY = YES_AGGRESSIVE;
				CLANG_WARN_UNREACHABLE_CODE = YES;
				CLANG_WARN__DUPLICATE_METHOD_MATCH = YES;
				COPY_PHASE_STRIP = NO;
				DEBUG_INFORMATION_FORMAT = "dwarf-with-dsym";
				ENABLE_NS_ASSERTIONS = NO;
				ENABLE_STRICT_OBJC_MSGSEND = YES;
				GCC_C_LANGUAGE_STANDARD = gnu11;
				GCC_NO_COMMON_BLOCKS = YES;
				GCC_WARN_64_TO_32_BIT_CONVERSION = YES;
				GCC_WARN_ABOUT_RETURN_TYPE = YES_ERROR;
				GCC_WARN_UNDECLARED_SELECTOR = YES;
				GCC_WARN_UNINITIALIZED_AUTOS = YES_AGGRESSIVE;
				GCC_WARN_UNUSED_FUNCTION = YES;
				GCC_WARN_UNUSED_VARIABLE = YES;
				LIBRARY_SEARCH_PATHS = "$(SRCROOT)/../../../../lib/StanfordCPPLib";
				MACOSX_DEPLOYMENT_TARGET = 10.15;
				MTL_ENABLE_DEBUG_INFO = NO;
				MTL_FAST_MATH = YES;
				SDKROOT = macosx;
				USER_HEADER_SEARCH_PATHS = "$(SRCROOT)/../../../../lib/StanfordCPPLib";
			};
			name = Release;
		};
		C6789B472531BE2F00CBDDF2 /* Debug */ = {
			isa = XCBuildConfiguration;
			buildSettings = {
				CODE_SIGN_STYLE = Automatic;
				PRODUCT_NAME = "$(TARGET_NAME)";
			};
			name = Debug;
		};
		C6789B482531BE2F00CBDDF2 /* Release */ = {
			isa = XCBuildConfiguration;
			buildSettings = {
				CODE_SIGN_STYLE = Automatic;
				PRODUCT_NAME = "$(TARGET_NAME)";
			};
			name = Release;
		};
/* End XCBuildConfiguration section */

/* Begin XCConfigurationList section */
		C6789B3A2531BE2F00CBDDF2 /* Build configuration list for PBXProject "WordLadder" */ = {
			isa = XCConfigurationList;
			buildConfigurations = (
				C6789B442531BE2F00CBDDF2 /* Debug */,
				C6789B452531BE2F00CBDDF2 /* Release */,
			);
			defaultConfigurationIsVisible = 0;
			defaultConfigurationName = Release;
		};
		C6789B462531BE2F00CBDDF2 /* Build configuration list for PBXNativeTarget "WordLadder" */ = {
			isa = XCConfigurationList;
			buildConfigurations = (
				C6789B472531BE2F00CBDDF2 /* Debug */,
				C6789B482531BE2F00CBDDF2 /* Release */,
			);
			defaultConfigurationIsVisible = 0;
			defaultConfigurationName = Release;
		};
/* End XCConfigurationList section */
	};
	rootObject = C6789B372531BE2F00CBDDF2 /* Project object */;
}
