// !$*UTF8*$!
{
	archiveVersion = 1;
	classes = {
	};
	objectVersion = 50;
	objects = {

/* Begin PBXBuildFile section */
		C6123F4C2533688C0039368A /* Hamlet.txt in CopyFiles */ = {isa = PBXBuildFile; fileRef = C6123F4A253368820039368A /* Hamlet.txt */; };
		C6123F4D2533688C0039368A /* Middlemarch.txt in CopyFiles */ = {isa = PBXBuildFile; fileRef = C6123F4B253368820039368A /* Middlemarch.txt */; };
		C6123F4E2533688C0039368A /* TomSawyer.txt in CopyFiles */ = {isa = PBXBuildFile; fileRef = C6123F49253368820039368A /* TomSawyer.txt */; };
		C6123F5125336C180039368A /* test.txt in CopyFiles */ = {isa = PBXBuildFile; fileRef = C6123F5025336C130039368A /* test.txt */; };
		C6551CF32530E06B0006D26F /* spl.jar in Frameworks */ = {isa = PBXBuildFile; fileRef = C6551CF22530E06B0006D26F /* spl.jar */; };
		C6D6344B253102DD00ABBAD4 /* spl.jar in CopyFiles */ = {isa = PBXBuildFile; fileRef = C6551CF22530E06B0006D26F /* spl.jar */; };
		C6E5B0B12530DDFE007052DF /* main.cpp in Sources */ = {isa = PBXBuildFile; fileRef = C6E5B0B02530DDFE007052DF /* main.cpp */; };
		C6E5B0C02530DF67007052DF /* libStanfordCPPLib.a in Frameworks */ = {isa = PBXBuildFile; fileRef = C6E5B0BD2530DEE8007052DF /* libStanfordCPPLib.a */; };
/* End PBXBuildFile section */

/* Begin PBXCopyFilesBuildPhase section */
		C6E5B0AB2530DDFE007052DF /* CopyFiles */ = {
			isa = PBXCopyFilesBuildPhase;
			buildActionMask = 12;
			dstPath = "";
			dstSubfolderSpec = 16;
			files = (
				C6123F5125336C180039368A /* test.txt in CopyFiles */,
				C6123F4C2533688C0039368A /* Hamlet.txt in CopyFiles */,
				C6123F4D2533688C0039368A /* Middlemarch.txt in CopyFiles */,
				C6123F4E2533688C0039368A /* TomSawyer.txt in CopyFiles */,
				C6D6344B253102DD00ABBAD4 /* spl.jar in CopyFiles */,
			);
			runOnlyForDeploymentPostprocessing = 0;
		};
/* End PBXCopyFilesBuildPhase section */

/* Begin PBXFileReference section */
		C6123F49253368820039368A /* TomSawyer.txt */ = {isa = PBXFileReference; fileEncoding = 4; lastKnownFileType = text; path = TomSawyer.txt; sourceTree = "<group>"; };
		C6123F4A253368820039368A /* Hamlet.txt */ = {isa = PBXFileReference; fileEncoding = 4; lastKnownFileType = text; path = Hamlet.txt; sourceTree = "<group>"; };
		C6123F4B253368820039368A /* Middlemarch.txt */ = {isa = PBXFileReference; fileEncoding = 4; lastKnownFileType = text; path = Middlemarch.txt; sourceTree = "<group>"; };
		C6123F5025336C130039368A /* test.txt */ = {isa = PBXFileReference; fileEncoding = 4; lastKnownFileType = text; path = test.txt; sourceTree = "<group>"; };
		C6551CF22530E06B0006D26F /* spl.jar */ = {isa = PBXFileReference; lastKnownFileType = archive.jar; name = spl.jar; path = ../../../../lib/spl.jar; sourceTree = "<group>"; };
		C6E5B0AD2530DDFE007052DF /* RandomWriter */ = {isa = PBXFileReference; explicitFileType = "compiled.mach-o.executable"; includeInIndex = 0; path = RandomWriter; sourceTree = BUILT_PRODUCTS_DIR; };
		C6E5B0B02530DDFE007052DF /* main.cpp */ = {isa = PBXFileReference; lastKnownFileType = sourcecode.cpp.cpp; path = main.cpp; sourceTree = "<group>"; };
		C6E5B0BD2530DEE8007052DF /* libStanfordCPPLib.a */ = {isa = PBXFileReference; lastKnownFileType = archive.ar; name = libStanfordCPPLib.a; path = ../../../../lib/StanfordCPPLib/libStanfordCPPLib.a; sourceTree = "<group>"; };
/* End PBXFileReference section */

/* Begin PBXFrameworksBuildPhase section */
		C6E5B0AA2530DDFE007052DF /* Frameworks */ = {
			isa = PBXFrameworksBuildPhase;
			buildActionMask = 2147483647;
			files = (
				C6E5B0C02530DF67007052DF /* libStanfordCPPLib.a in Frameworks */,
				C6551CF32530E06B0006D26F /* spl.jar in Frameworks */,
			);
			runOnlyForDeploymentPostprocessing = 0;
		};
/* End PBXFrameworksBuildPhase section */

/* Begin PBXGroup section */
		C6123F48253368380039368A /* Resources */ = {
			isa = PBXGroup;
			children = (
				C6123F5025336C130039368A /* test.txt */,
				C6123F4A253368820039368A /* Hamlet.txt */,
				C6123F4B253368820039368A /* Middlemarch.txt */,
				C6123F49253368820039368A /* TomSawyer.txt */,
			);
			path = Resources;
			sourceTree = "<group>";
		};
		C6E5B0A42530DDFE007052DF = {
			isa = PBXGroup;
			children = (
				C6123F48253368380039368A /* Resources */,
				C6E5B0AF2530DDFE007052DF /* RandomWriter */,
				C6E5B0AE2530DDFE007052DF /* Products */,
				C6E5B0BB2530DEC9007052DF /* Frameworks */,
			);
			sourceTree = "<group>";
		};
		C6E5B0AE2530DDFE007052DF /* Products */ = {
			isa = PBXGroup;
			children = (
				C6E5B0AD2530DDFE007052DF /* RandomWriter */,
			);
			name = Products;
			sourceTree = "<group>";
		};
		C6E5B0AF2530DDFE007052DF /* RandomWriter */ = {
			isa = PBXGroup;
			children = (
				C6E5B0B02530DDFE007052DF /* main.cpp */,
			);
			path = RandomWriter;
			sourceTree = "<group>";
		};
		C6E5B0BB2530DEC9007052DF /* Frameworks */ = {
			isa = PBXGroup;
			children = (
				C6551CF22530E06B0006D26F /* spl.jar */,
				C6E5B0BD2530DEE8007052DF /* libStanfordCPPLib.a */,
			);
			name = Frameworks;
			sourceTree = "<group>";
		};
/* End PBXGroup section */

/* Begin PBXNativeTarget section */
		C6E5B0AC2530DDFE007052DF /* RandomWriter */ = {
			isa = PBXNativeTarget;
			buildConfigurationList = C6E5B0B42530DDFE007052DF /* Build configuration list for PBXNativeTarget "RandomWriter" */;
			buildPhases = (
				C6E5B0A92530DDFE007052DF /* Sources */,
				C6E5B0AA2530DDFE007052DF /* Frameworks */,
				C6E5B0AB2530DDFE007052DF /* CopyFiles */,
			);
			buildRules = (
			);
			dependencies = (
			);
			name = RandomWriter;
			productName = RandomWriter;
			productReference = C6E5B0AD2530DDFE007052DF /* RandomWriter */;
			productType = "com.apple.product-type.tool";
		};
/* End PBXNativeTarget section */

/* Begin PBXProject section */
		C6E5B0A52530DDFE007052DF /* Project object */ = {
			isa = PBXProject;
			attributes = {
				LastUpgradeCheck = 1200;
				TargetAttributes = {
					C6E5B0AC2530DDFE007052DF = {
						CreatedOnToolsVersion = 12.0.1;
					};
				};
			};
			buildConfigurationList = C6E5B0A82530DDFE007052DF /* Build configuration list for PBXProject "RandomWriter" */;
			compatibilityVersion = "Xcode 9.3";
			developmentRegion = en;
			hasScannedForEncodings = 0;
			knownRegions = (
				en,
				Base,
			);
			mainGroup = C6E5B0A42530DDFE007052DF;
			productRefGroup = C6E5B0AE2530DDFE007052DF /* Products */;
			projectDirPath = "";
			projectRoot = "";
			targets = (
				C6E5B0AC2530DDFE007052DF /* RandomWriter */,
			);
		};
/* End PBXProject section */

/* Begin PBXSourcesBuildPhase section */
		C6E5B0A92530DDFE007052DF /* Sources */ = {
			isa = PBXSourcesBuildPhase;
			buildActionMask = 2147483647;
			files = (
				C6E5B0B12530DDFE007052DF /* main.cpp in Sources */,
			);
			runOnlyForDeploymentPostprocessing = 0;
		};
/* End PBXSourcesBuildPhase section */

/* Begin XCBuildConfiguration section */
		C6E5B0B22530DDFE007052DF /* Debug */ = {
			isa = XCBuildConfiguration;
			buildSettings = {
				ALWAYS_SEARCH_USER_PATHS = NO;
				CLANG_ANALYZER_NONNULL = YES;
				CLANG_ANALYZER_NUMBER_OBJECT_CONVERSION = YES_AGGRESSIVE;
				CLANG_CXX_LANGUAGE_STANDARD = "gnu++14";
				CLANG_CXX_LIBRARY = "libc++";
				CLANG_ENABLE_MODULES = YES;
				CLANG_ENABLE_OBJC_ARC = YES;
				CLANG_ENABLE_OBJC_WEAK = YES;
				CLANG_WARN_BLOCK_CAPTURE_AUTORELEASING = YES;
				CLANG_WARN_BOOL_CONVERSION = YES;
				CLANG_WARN_COMMA = YES;
				CLANG_WARN_CONSTANT_CONVERSION = YES;
				CLANG_WARN_DEPRECATED_OBJC_IMPLEMENTATIONS = YES;
				CLANG_WARN_DIRECT_OBJC_ISA_USAGE = YES_ERROR;
				CLANG_WARN_DOCUMENTATION_COMMENTS = YES;
				CLANG_WARN_EMPTY_BODY = YES;
				CLANG_WARN_ENUM_CONVERSION = YES;
				CLANG_WARN_INFINITE_RECURSION = YES;
				CLANG_WARN_INT_CONVERSION = YES;
				CLANG_WARN_NON_LITERAL_NULL_CONVERSION = YES;
				CLANG_WARN_OBJC_IMPLICIT_RETAIN_SELF = YES;
				CLANG_WARN_OBJC_LITERAL_CONVERSION = YES;
				CLANG_WARN_OBJC_ROOT_CLASS = YES_ERROR;
				CLANG_WARN_QUOTED_INCLUDE_IN_FRAMEWORK_HEADER = YES;
				CLANG_WARN_RANGE_LOOP_ANALYSIS = YES;
				CLANG_WARN_STRICT_PROTOTYPES = YES;
				CLANG_WARN_SUSPICIOUS_MOVE = YES;
				CLANG_WARN_UNGUARDED_AVAILABILITY = YES_AGGRESSIVE;
				CLANG_WARN_UNREACHABLE_CODE = YES;
				CLANG_WARN__DUPLICATE_METHOD_MATCH = YES;
				COPY_PHASE_STRIP = NO;
				DEBUG_INFORMATION_FORMAT = dwarf;
				ENABLE_STRICT_OBJC_MSGSEND = YES;
				ENABLE_TESTABILITY = YES;
				GCC_C_LANGUAGE_STANDARD = gnu11;
				GCC_DYNAMIC_NO_PIC = NO;
				GCC_NO_COMMON_BLOCKS = YES;
				GCC_OPTIMIZATION_LEVEL = 0;
				GCC_PREPROCESSOR_DEFINITIONS = (
					"DEBUG=1",
					"$(inherited)",
				);
				GCC_WARN_64_TO_32_BIT_CONVERSION = YES;
				GCC_WARN_ABOUT_RETURN_TYPE = YES_ERROR;
				GCC_WARN_UNDECLARED_SELECTOR = YES;
				GCC_WARN_UNINITIALIZED_AUTOS = YES_AGGRESSIVE;
				GCC_WARN_UNUSED_FUNCTION = YES;
				GCC_WARN_UNUSED_VARIABLE = YES;
				LIBRARY_SEARCH_PATHS = "$(SRCROOT)/../../../../lib/StanfordCPPLib";
				MACOSX_DEPLOYMENT_TARGET = 10.15;
				MTL_ENABLE_DEBUG_INFO = INCLUDE_SOURCE;
				MTL_FAST_MATH = YES;
				ONLY_ACTIVE_ARCH = YES;
				SDKROOT = macosx;
				USER_HEADER_SEARCH_PATHS = "$(SRCROOT)/../../../../lib/StanfordCPPLib";
			};
			name = Debug;
		};
		C6E5B0B32530DDFE007052DF /* Release */ = {
			isa = XCBuildConfiguration;
			buildSettings = {
				ALWAYS_SEARCH_USER_PATHS = NO;
				CLANG_ANALYZER_NONNULL = YES;
				CLANG_ANALYZER_NUMBER_OBJECT_CONVERSION = YES_AGGRESSIVE;
				CLANG_CXX_LANGUAGE_STANDARD = "gnu++14";
				CLANG_CXX_LIBRARY = "libc++";
				CLANG_ENABLE_MODULES = YES;
				CLANG_ENABLE_OBJC_ARC = YES;
				CLANG_ENABLE_OBJC_WEAK = YES;
				CLANG_WARN_BLOCK_CAPTURE_AUTORELEASING = YES;
				CLANG_WARN_BOOL_CONVERSION = YES;
				CLANG_WARN_COMMA = YES;
				CLANG_WARN_CONSTANT_CONVERSION = YES;
				CLANG_WARN_DEPRECATED_OBJC_IMPLEMENTATIONS = YES;
				CLANG_WARN_DIRECT_OBJC_ISA_USAGE = YES_ERROR;
				CLANG_WARN_DOCUMENTATION_COMMENTS = YES;
				CLANG_WARN_EMPTY_BODY = YES;
				CLANG_WARN_ENUM_CONVERSION = YES;
				CLANG_WARN_INFINITE_RECURSION = YES;
				CLANG_WARN_INT_CONVERSION = YES;
				CLANG_WARN_NON_LITERAL_NULL_CONVERSION = YES;
				CLANG_WARN_OBJC_IMPLICIT_RETAIN_SELF = YES;
				CLANG_WARN_OBJC_LITERAL_CONVERSION = YES;
				CLANG_WARN_OBJC_ROOT_CLASS = YES_ERROR;
				CLANG_WARN_QUOTED_INCLUDE_IN_FRAMEWORK_HEADER = YES;
				CLANG_WARN_RANGE_LOOP_ANALYSIS = YES;
				CLANG_WARN_STRICT_PROTOTYPES = YES;
				CLANG_WARN_SUSPICIOUS_MOVE = YES;
				CLANG_WARN_UNGUARDED_AVAILABILITY = YES_AGGRESSIVE;
				CLANG_WARN_UNREACHABLE_CODE = YES;
				CLANG_WARN__DUPLICATE_METHOD_MATCH = YES;
				COPY_PHASE_STRIP = NO;
				DEBUG_INFORMATION_FORMAT = "dwarf-with-dsym";
				ENABLE_NS_ASSERTIONS = NO;
				ENABLE_STRICT_OBJC_MSGSEND = YES;
				GCC_C_LANGUAGE_STANDARD = gnu11;
				GCC_NO_COMMON_BLOCKS = YES;
				GCC_WARN_64_TO_32_BIT_CONVERSION = YES;
				GCC_WARN_ABOUT_RETURN_TYPE = YES_ERROR;
				GCC_WARN_UNDECLARED_SELECTOR = YES;
				GCC_WARN_UNINITIALIZED_AUTOS = YES_AGGRESSIVE;
				GCC_WARN_UNUSED_FUNCTION = YES;
				GCC_WARN_UNUSED_VARIABLE = YES;
				LIBRARY_SEARCH_PATHS = "$(SRCROOT)/../../../../lib/StanfordCPPLib";
				MACOSX_DEPLOYMENT_TARGET = 10.15;
				MTL_ENABLE_DEBUG_INFO = NO;
				MTL_FAST_MATH = YES;
				SDKROOT = macosx;
				USER_HEADER_SEARCH_PATHS = "$(SRCROOT)/../../../../lib/StanfordCPPLib";
			};
			name = Release;
		};
		C6E5B0B52530DDFE007052DF /* Debug */ = {
			isa = XCBuildConfiguration;
			buildSettings = {
				CODE_SIGN_STYLE = Automatic;
				PRODUCT_NAME = "$(TARGET_NAME)";
			};
			name = Debug;
		};
		C6E5B0B62530DDFE007052DF /* Release */ = {
			isa = XCBuildConfiguration;
			buildSettings = {
				CODE_SIGN_STYLE = Automatic;
				PRODUCT_NAME = "$(TARGET_NAME)";
			};
			name = Release;
		};
/* End XCBuildConfiguration section */

/* Begin XCConfigurationList section */
		C6E5B0A82530DDFE007052DF /* Build configuration list for PBXProject "RandomWriter" */ = {
			isa = XCConfigurationList;
			buildConfigurations = (
				C6E5B0B22530DDFE007052DF /* Debug */,
				C6E5B0B32530DDFE007052DF /* Release */,
			);
			defaultConfigurationIsVisible = 0;
			defaultConfigurationName = Release;
		};
		C6E5B0B42530DDFE007052DF /* Build configuration list for PBXNativeTarget "RandomWriter" */ = {
			isa = XCConfigurationList;
			buildConfigurations = (
				C6E5B0B52530DDFE007052DF /* Debug */,
				C6E5B0B62530DDFE007052DF /* Release */,
			);
			defaultConfigurationIsVisible = 0;
			defaultConfigurationName = Release;
		};
/* End XCConfigurationList section */
	};
	rootObject = C6E5B0A52530DDFE007052DF /* Project object */;
}
